
Microsoft Visual Studio Solution File, Format Version 12.00
# Visual Studio Version 16
VisualStudioVersion = 16.0.31112.23
MinimumVisualStudioVersion = 10.0.40219.1
Project("{FAE04EC0-301F-11D3-BF4B-00C04F79EFBC}") = "CAB301_ToolLibrarySystem", "CAB301_ToolLibrarySystem.csproj", "{82309013-0356-43A1-ADAA-66F637ABDC7E}"
EndProject
Global
	GlobalSection(SolutionConfigurationPlatforms) = preSolution
		Debug|Any CPU = Debug|Any CPU
		Release|Any CPU = Release|Any CPU
	EndGlobalSection
	GlobalSection(ProjectConfigurationPlatforms) = postSolution
		{82309013-0356-43A1-ADAA-66F637ABDC7E}.Debug|Any CPU.ActiveCfg = Debug|Any CPU
		{82309013-0356-43A1-ADAA-66F637ABDC7E}.Debug|Any CPU.Build.0 = Debug|Any CPU
		{82309013-0356-43A1-ADAA-66F637ABDC7E}.Release|Any CPU.ActiveCfg = Release|Any CPU
		{82309013-0356-43A1-ADAA-66F637ABDC7E}.Release|Any CPU.Build.0 = Release|Any CPU
	EndGlobalSection
	GlobalSection(SolutionProperties) = preSolution
		HideSolutionNode = FALSE
	EndGlobalSection
	GlobalSection(ExtensibilityGlobals) = postSolution
		SolutionGuid = {9A3155E9-5F93-417F-88EB-ECC3E94BA70E}
	EndGlobalSection
EndGlobal
